{
  "requires": true,
  "lockfileVersion": 1,
  "dependencies": {
    "@types/cookiejar": {
      "version": "2.1.1",
      "resolved": "https://registry.npmjs.org/@types/cookiejar/-/cookiejar-2.1.1.tgz",
      "integrity": "sha512-aRnpPa7ysx3aNW60hTiCtLHlQaIFsXFCgQlpakNgDNVFzbtusSY8PwjAQgRWfSk0ekNoBjO51eQRB6upA9uuyw==",
      "dev": true
    },
    "@types/node": {
      "version": "11.13.7",
      "resolved": "https://registry.npmjs.org/@types/node/-/node-11.13.7.tgz",
      "integrity": "sha512-suFHr6hcA9mp8vFrZTgrmqW2ZU3mbWsryQtQlY/QvwTISCw7nw/j+bCQPPohqmskhmqa5wLNuMHTTsc+xf1MQg==",
      "dev": true
    },
    "@types/superagent": {
      "version": "4.1.1",
      "resolved": "https://registry.npmjs.org/@types/superagent/-/superagent-4.1.1.tgz",
      "integrity": "sha512-NetXrraTWPcdGG6IwYJhJ5esUGx8AYNiozbc1ENWEsF6BsD4JmNODJczI6Rm1xFPVp6HZESds9YCfqz4zIsM6A==",
      "dev": true,
      "requires": {
        "@types/cookiejar": "*",
        "@types/node": "*"
      }
    },
    "@types/supertest": {
      "version": "2.0.7",
      "resolved": "https://registry.npmjs.org/@types/supertest/-/supertest-2.0.7.tgz",
      "integrity": "sha512-GibTh4OTkal71btYe2fpZP/rVHIPnnUsYphEaoywVHo+mo2a/LhlOFkIm5wdN0H0DA0Hx8x+tKgCYMD9elHu5w==",
      "dev": true,
      "requires": {
        "@types/superagent": "*"
      }
    }
  }
}
